// !$*UTF8*$!
{
	archiveVersion = 1;
	classes = {
	};
	objectVersion = 50;
	objects = {

/* Begin PBXBuildFile section */
		41286EB821ABACF10093B50F /* MDMAPICache.m in Sources */ = {isa = PBXBuildFile; fileRef = 41286EB721ABACF10093B50F /* MDMAPICache.m */; };
		41286EBB21ABAD240093B50F /* MDMAPIMemoryCache.m in Sources */ = {isa = PBXBuildFile; fileRef = 41286EBA21ABAD240093B50F /* MDMAPIMemoryCache.m */; };
		41286EBE21ABAD770093B50F /* MDMAPIDiskCache.m in Sources */ = {isa = PBXBuildFile; fileRef = 41286EBD21ABAD770093B50F /* MDMAPIDiskCache.m */; };
		41286EC121ABADC60093B50F /* MDMAPICacheObject.m in Sources */ = {isa = PBXBuildFile; fileRef = 41286EC021ABADC60093B50F /* MDMAPICacheObject.m */; };
		4163404F21AC1A53006A4144 /* MDMAPIFormDataNormalItem.m in Sources */ = {isa = PBXBuildFile; fileRef = 4163404E21AC1A53006A4144 /* MDMAPIFormDataNormalItem.m */; };
		4163405221AC1A86006A4144 /* MDMAPIFormDataFileItem.m in Sources */ = {isa = PBXBuildFile; fileRef = 4163405121AC1A86006A4144 /* MDMAPIFormDataFileItem.m */; };
		4163405521AC1AE4006A4144 /* MDMAPIRequestGenerator.m in Sources */ = {isa = PBXBuildFile; fileRef = 4163405421AC1AE4006A4144 /* MDMAPIRequestGenerator.m */; };
		419C5B2521AC19A1001ED293 /* MDMAPIFormData.m in Sources */ = {isa = PBXBuildFile; fileRef = 419C5B2421AC19A1001ED293 /* MDMAPIFormData.m */; };
		41CB94C621A98F1800507923 /* AppDelegate.m in Sources */ = {isa = PBXBuildFile; fileRef = 41CB94C521A98F1800507923 /* AppDelegate.m */; };
		41CB94C921A98F1800507923 /* ViewController.m in Sources */ = {isa = PBXBuildFile; fileRef = 41CB94C821A98F1800507923 /* ViewController.m */; };
		41CB94CC21A98F1800507923 /* Main.storyboard in Resources */ = {isa = PBXBuildFile; fileRef = 41CB94CA21A98F1800507923 /* Main.storyboard */; };
		41CB94CE21A98F1900507923 /* Assets.xcassets in Resources */ = {isa = PBXBuildFile; fileRef = 41CB94CD21A98F1900507923 /* Assets.xcassets */; };
		41CB94D121A98F1900507923 /* LaunchScreen.storyboard in Resources */ = {isa = PBXBuildFile; fileRef = 41CB94CF21A98F1900507923 /* LaunchScreen.storyboard */; };
		41CB94D421A98F1900507923 /* main.m in Sources */ = {isa = PBXBuildFile; fileRef = 41CB94D321A98F1900507923 /* main.m */; };
		41CF2B9B21B1577E00F5635D /* MDMAPIRequestManager.m in Sources */ = {isa = PBXBuildFile; fileRef = 41CF2B9A21B1577E00F5635D /* MDMAPIRequestManager.m */; };
		41CF2B9F21B1592300F5635D /* MDMAPIResponsePluginManager.m in Sources */ = {isa = PBXBuildFile; fileRef = 41CF2B9E21B1592300F5635D /* MDMAPIResponsePluginManager.m */; };
		41CF2BA321B15A1D00F5635D /* MDMAPIRequestPluginManager.m in Sources */ = {isa = PBXBuildFile; fileRef = 41CF2BA221B15A1D00F5635D /* MDMAPIRequestPluginManager.m */; };
		41CF2BA621B15A6500F5635D /* MDMAPIPluginHandle.m in Sources */ = {isa = PBXBuildFile; fileRef = 41CF2BA521B15A6500F5635D /* MDMAPIPluginHandle.m */; };
		41CF2BA921B15AB800F5635D /* MDMAPIPluginModel.m in Sources */ = {isa = PBXBuildFile; fileRef = 41CF2BA821B15AB800F5635D /* MDMAPIPluginModel.m */; };
		41CF2BAE21B15B5000F5635D /* MDMAPIBaseManager.m in Sources */ = {isa = PBXBuildFile; fileRef = 41CF2BAD21B15B5000F5635D /* MDMAPIBaseManager.m */; };
		7D13387879A046F7A5EB1264 /* libPods-MDMAPIManager.a in Frameworks */ = {isa = PBXBuildFile; fileRef = 2642EF58A42706D8BF653A4D /* libPods-MDMAPIManager.a */; };
/* End PBXBuildFile section */

/* Begin PBXFileReference section */
		2642EF58A42706D8BF653A4D /* libPods-MDMAPIManager.a */ = {isa = PBXFileReference; explicitFileType = archive.ar; includeInIndex = 0; path = "libPods-MDMAPIManager.a"; sourceTree = BUILT_PRODUCTS_DIR; };
		41286EAD21ABABC80093B50F /* MDMAPIManagerDefines.h */ = {isa = PBXFileReference; lastKnownFileType = sourcecode.c.h; path = MDMAPIManagerDefines.h; sourceTree = "<group>"; };
		41286EB621ABACF10093B50F /* MDMAPICache.h */ = {isa = PBXFileReference; lastKnownFileType = sourcecode.c.h; path = MDMAPICache.h; sourceTree = "<group>"; };
		41286EB721ABACF10093B50F /* MDMAPICache.m */ = {isa = PBXFileReference; lastKnownFileType = sourcecode.c.objc; path = MDMAPICache.m; sourceTree = "<group>"; };
		41286EB921ABAD240093B50F /* MDMAPIMemoryCache.h */ = {isa = PBXFileReference; lastKnownFileType = sourcecode.c.h; path = MDMAPIMemoryCache.h; sourceTree = "<group>"; };
		41286EBA21ABAD240093B50F /* MDMAPIMemoryCache.m */ = {isa = PBXFileReference; lastKnownFileType = sourcecode.c.objc; path = MDMAPIMemoryCache.m; sourceTree = "<group>"; };
		41286EBC21ABAD770093B50F /* MDMAPIDiskCache.h */ = {isa = PBXFileReference; lastKnownFileType = sourcecode.c.h; path = MDMAPIDiskCache.h; sourceTree = "<group>"; };
		41286EBD21ABAD770093B50F /* MDMAPIDiskCache.m */ = {isa = PBXFileReference; lastKnownFileType = sourcecode.c.objc; path = MDMAPIDiskCache.m; sourceTree = "<group>"; };
		41286EBF21ABADC60093B50F /* MDMAPICacheObject.h */ = {isa = PBXFileReference; lastKnownFileType = sourcecode.c.h; path = MDMAPICacheObject.h; sourceTree = "<group>"; };
		41286EC021ABADC60093B50F /* MDMAPICacheObject.m */ = {isa = PBXFileReference; lastKnownFileType = sourcecode.c.objc; path = MDMAPICacheObject.m; sourceTree = "<group>"; };
		4163404D21AC1A53006A4144 /* MDMAPIFormDataNormalItem.h */ = {isa = PBXFileReference; lastKnownFileType = sourcecode.c.h; path = MDMAPIFormDataNormalItem.h; sourceTree = "<group>"; };
		4163404E21AC1A53006A4144 /* MDMAPIFormDataNormalItem.m */ = {isa = PBXFileReference; lastKnownFileType = sourcecode.c.objc; path = MDMAPIFormDataNormalItem.m; sourceTree = "<group>"; };
		4163405021AC1A86006A4144 /* MDMAPIFormDataFileItem.h */ = {isa = PBXFileReference; lastKnownFileType = sourcecode.c.h; path = MDMAPIFormDataFileItem.h; sourceTree = "<group>"; };
		4163405121AC1A86006A4144 /* MDMAPIFormDataFileItem.m */ = {isa = PBXFileReference; lastKnownFileType = sourcecode.c.objc; path = MDMAPIFormDataFileItem.m; sourceTree = "<group>"; };
		4163405321AC1AE4006A4144 /* MDMAPIRequestGenerator.h */ = {isa = PBXFileReference; lastKnownFileType = sourcecode.c.h; path = MDMAPIRequestGenerator.h; sourceTree = "<group>"; };
		4163405421AC1AE4006A4144 /* MDMAPIRequestGenerator.m */ = {isa = PBXFileReference; lastKnownFileType = sourcecode.c.objc; path = MDMAPIRequestGenerator.m; sourceTree = "<group>"; };
		419C5B2321AC19A1001ED293 /* MDMAPIFormData.h */ = {isa = PBXFileReference; lastKnownFileType = sourcecode.c.h; path = MDMAPIFormData.h; sourceTree = "<group>"; };
		419C5B2421AC19A1001ED293 /* MDMAPIFormData.m */ = {isa = PBXFileReference; lastKnownFileType = sourcecode.c.objc; path = MDMAPIFormData.m; sourceTree = "<group>"; };
		41CB94C121A98F1800507923 /* MDMAPIManager.app */ = {isa = PBXFileReference; explicitFileType = wrapper.application; includeInIndex = 0; path = MDMAPIManager.app; sourceTree = BUILT_PRODUCTS_DIR; };
		41CB94C421A98F1800507923 /* AppDelegate.h */ = {isa = PBXFileReference; lastKnownFileType = sourcecode.c.h; path = AppDelegate.h; sourceTree = "<group>"; };
		41CB94C521A98F1800507923 /* AppDelegate.m */ = {isa = PBXFileReference; lastKnownFileType = sourcecode.c.objc; path = AppDelegate.m; sourceTree = "<group>"; };
		41CB94C721A98F1800507923 /* ViewController.h */ = {isa = PBXFileReference; lastKnownFileType = sourcecode.c.h; path = ViewController.h; sourceTree = "<group>"; };
		41CB94C821A98F1800507923 /* ViewController.m */ = {isa = PBXFileReference; lastKnownFileType = sourcecode.c.objc; path = ViewController.m; sourceTree = "<group>"; };
		41CB94CB21A98F1800507923 /* Base */ = {isa = PBXFileReference; lastKnownFileType = file.storyboard; name = Base; path = Base.lproj/Main.storyboard; sourceTree = "<group>"; };
		41CB94CD21A98F1900507923 /* Assets.xcassets */ = {isa = PBXFileReference; lastKnownFileType = folder.assetcatalog; path = Assets.xcassets; sourceTree = "<group>"; };
		41CB94D021A98F1900507923 /* Base */ = {isa = PBXFileReference; lastKnownFileType = file.storyboard; name = Base; path = Base.lproj/LaunchScreen.storyboard; sourceTree = "<group>"; };
		41CB94D221A98F1900507923 /* Info.plist */ = {isa = PBXFileReference; lastKnownFileType = text.plist.xml; path = Info.plist; sourceTree = "<group>"; };
		41CB94D321A98F1900507923 /* main.m */ = {isa = PBXFileReference; lastKnownFileType = sourcecode.c.objc; path = main.m; sourceTree = "<group>"; };
		41CF2B9921B1577E00F5635D /* MDMAPIRequestManager.h */ = {isa = PBXFileReference; lastKnownFileType = sourcecode.c.h; path = MDMAPIRequestManager.h; sourceTree = "<group>"; };
		41CF2B9A21B1577E00F5635D /* MDMAPIRequestManager.m */ = {isa = PBXFileReference; lastKnownFileType = sourcecode.c.objc; path = MDMAPIRequestManager.m; sourceTree = "<group>"; };
		41CF2B9C21B1585500F5635D /* MDMAPIResponseReformProtocol.h */ = {isa = PBXFileReference; lastKnownFileType = sourcecode.c.h; path = MDMAPIResponseReformProtocol.h; sourceTree = "<group>"; };
		41CF2B9D21B1592300F5635D /* MDMAPIResponsePluginManager.h */ = {isa = PBXFileReference; lastKnownFileType = sourcecode.c.h; path = MDMAPIResponsePluginManager.h; sourceTree = "<group>"; };
		41CF2B9E21B1592300F5635D /* MDMAPIResponsePluginManager.m */ = {isa = PBXFileReference; lastKnownFileType = sourcecode.c.objc; path = MDMAPIResponsePluginManager.m; sourceTree = "<group>"; };
		41CF2BA021B159F700F5635D /* MDMAPIRequestReformProtocol.h */ = {isa = PBXFileReference; lastKnownFileType = sourcecode.c.h; path = MDMAPIRequestReformProtocol.h; sourceTree = "<group>"; };
		41CF2BA121B15A1D00F5635D /* MDMAPIRequestPluginManager.h */ = {isa = PBXFileReference; lastKnownFileType = sourcecode.c.h; path = MDMAPIRequestPluginManager.h; sourceTree = "<group>"; };
		41CF2BA221B15A1D00F5635D /* MDMAPIRequestPluginManager.m */ = {isa = PBXFileReference; lastKnownFileType = sourcecode.c.objc; path = MDMAPIRequestPluginManager.m; sourceTree = "<group>"; };
		41CF2BA421B15A6500F5635D /* MDMAPIPluginHandle.h */ = {isa = PBXFileReference; lastKnownFileType = sourcecode.c.h; path = MDMAPIPluginHandle.h; sourceTree = "<group>"; };
		41CF2BA521B15A6500F5635D /* MDMAPIPluginHandle.m */ = {isa = PBXFileReference; lastKnownFileType = sourcecode.c.objc; path = MDMAPIPluginHandle.m; sourceTree = "<group>"; };
		41CF2BA721B15AB800F5635D /* MDMAPIPluginModel.h */ = {isa = PBXFileReference; lastKnownFileType = sourcecode.c.h; path = MDMAPIPluginModel.h; sourceTree = "<group>"; };
		41CF2BA821B15AB800F5635D /* MDMAPIPluginModel.m */ = {isa = PBXFileReference; lastKnownFileType = sourcecode.c.objc; path = MDMAPIPluginModel.m; sourceTree = "<group>"; };
		41CF2BAA21B15AF900F5635D /* MDMAPIManagerCallBackDelegate.h */ = {isa = PBXFileReference; lastKnownFileType = sourcecode.c.h; path = MDMAPIManagerCallBackDelegate.h; sourceTree = "<group>"; };
		41CF2BAB21B15B2300F5635D /* MDMAPIManagerProtocol.h */ = {isa = PBXFileReference; lastKnownFileType = sourcecode.c.h; path = MDMAPIManagerProtocol.h; sourceTree = "<group>"; };
		41CF2BAC21B15B5000F5635D /* MDMAPIBaseManager.h */ = {isa = PBXFileReference; lastKnownFileType = sourcecode.c.h; path = MDMAPIBaseManager.h; sourceTree = "<group>"; };
		41CF2BAD21B15B5000F5635D /* MDMAPIBaseManager.m */ = {isa = PBXFileReference; lastKnownFileType = sourcecode.c.objc; path = MDMAPIBaseManager.m; sourceTree = "<group>"; };
		9458E6C6918E1AA90D82917C /* Pods-MDMAPIManager.release.xcconfig */ = {isa = PBXFileReference; includeInIndex = 1; lastKnownFileType = text.xcconfig; name = "Pods-MDMAPIManager.release.xcconfig"; path = "Pods/Target Support Files/Pods-MDMAPIManager/Pods-MDMAPIManager.release.xcconfig"; sourceTree = "<group>"; };
		E4F9C828E47DE752B34CDF43 /* Pods-MDMAPIManager.debug.xcconfig */ = {isa = PBXFileReference; includeInIndex = 1; lastKnownFileType = text.xcconfig; name = "Pods-MDMAPIManager.debug.xcconfig"; path = "Pods/Target Support Files/Pods-MDMAPIManager/Pods-MDMAPIManager.debug.xcconfig"; sourceTree = "<group>"; };
/* End PBXFileReference section */

/* Begin PBXFrameworksBuildPhase section */
		41CB94BE21A98F1800507923 /* Frameworks */ = {
			isa = PBXFrameworksBuildPhase;
			buildActionMask = 2147483647;
			files = (
				7D13387879A046F7A5EB1264 /* libPods-MDMAPIManager.a in Frameworks */,
			);
			runOnlyForDeploymentPostprocessing = 0;
		};
/* End PBXFrameworksBuildPhase section */

/* Begin PBXGroup section */
		41286EAC21ABABA30093B50F /* MDMAPIManager */ = {
			isa = PBXGroup;
			children = (
				41286EAD21ABABC80093B50F /* MDMAPIManagerDefines.h */,
				41286EAE21ABAC070093B50F /* MDMAPIBaseManager */,
				41286EAF21ABAC1D0093B50F /* MDMAPIPluginHandle */,
				41286EB021ABAC2A0093B50F /* MDMAPIRequestPlugin */,
				41286EB121ABAC550093B50F /* MDMAPIResponsePlugin */,
				41286EB221ABAC660093B50F /* MDMAPIRequestManager */,
				41286EB321ABAC790093B50F /* MDMAPIRequestGenerator */,
				41286EB421ABAC880093B50F /* MDMAPIFormData */,
				41286EB521ABAC9D0093B50F /* MDMAPICache */,
			);
			path = MDMAPIManager;
			sourceTree = "<group>";
		};
		41286EAE21ABAC070093B50F /* MDMAPIBaseManager */ = {
			isa = PBXGroup;
			children = (
				41CF2BAA21B15AF900F5635D /* MDMAPIManagerCallBackDelegate.h */,
				41CF2BAB21B15B2300F5635D /* MDMAPIManagerProtocol.h */,
				41CF2BAC21B15B5000F5635D /* MDMAPIBaseManager.h */,
				41CF2BAD21B15B5000F5635D /* MDMAPIBaseManager.m */,
			);
			path = MDMAPIBaseManager;
			sourceTree = "<group>";
		};
		41286EAF21ABAC1D0093B50F /* MDMAPIPluginHandle */ = {
			isa = PBXGroup;
			children = (
				41CF2BA421B15A6500F5635D /* MDMAPIPluginHandle.h */,
				41CF2BA521B15A6500F5635D /* MDMAPIPluginHandle.m */,
				41CF2BA721B15AB800F5635D /* MDMAPIPluginModel.h */,
				41CF2BA821B15AB800F5635D /* MDMAPIPluginModel.m */,
			);
			path = MDMAPIPluginHandle;
			sourceTree = "<group>";
		};
		41286EB021ABAC2A0093B50F /* MDMAPIRequestPlugin */ = {
			isa = PBXGroup;
			children = (
				41CF2BA021B159F700F5635D /* MDMAPIRequestReformProtocol.h */,
				41CF2BA121B15A1D00F5635D /* MDMAPIRequestPluginManager.h */,
				41CF2BA221B15A1D00F5635D /* MDMAPIRequestPluginManager.m */,
			);
			path = MDMAPIRequestPlugin;
			sourceTree = "<group>";
		};
		41286EB121ABAC550093B50F /* MDMAPIResponsePlugin */ = {
			isa = PBXGroup;
			children = (
				41CF2B9C21B1585500F5635D /* MDMAPIResponseReformProtocol.h */,
				41CF2B9D21B1592300F5635D /* MDMAPIResponsePluginManager.h */,
				41CF2B9E21B1592300F5635D /* MDMAPIResponsePluginManager.m */,
			);
			path = MDMAPIResponsePlugin;
			sourceTree = "<group>";
		};
		41286EB221ABAC660093B50F /* MDMAPIRequestManager */ = {
			isa = PBXGroup;
			children = (
				41CF2B9921B1577E00F5635D /* MDMAPIRequestManager.h */,
				41CF2B9A21B1577E00F5635D /* MDMAPIRequestManager.m */,
			);
			path = MDMAPIRequestManager;
			sourceTree = "<group>";
		};
		41286EB321ABAC790093B50F /* MDMAPIRequestGenerator */ = {
			isa = PBXGroup;
			children = (
				4163405321AC1AE4006A4144 /* MDMAPIRequestGenerator.h */,
				4163405421AC1AE4006A4144 /* MDMAPIRequestGenerator.m */,
			);
			path = MDMAPIRequestGenerator;
			sourceTree = "<group>";
		};
		41286EB421ABAC880093B50F /* MDMAPIFormData */ = {
			isa = PBXGroup;
			children = (
				419C5B2321AC19A1001ED293 /* MDMAPIFormData.h */,
				419C5B2421AC19A1001ED293 /* MDMAPIFormData.m */,
				4163404D21AC1A53006A4144 /* MDMAPIFormDataNormalItem.h */,
				4163404E21AC1A53006A4144 /* MDMAPIFormDataNormalItem.m */,
				4163405021AC1A86006A4144 /* MDMAPIFormDataFileItem.h */,
				4163405121AC1A86006A4144 /* MDMAPIFormDataFileItem.m */,
			);
			path = MDMAPIFormData;
			sourceTree = "<group>";
		};
		41286EB521ABAC9D0093B50F /* MDMAPICache */ = {
			isa = PBXGroup;
			children = (
				41286EB621ABACF10093B50F /* MDMAPICache.h */,
				41286EB721ABACF10093B50F /* MDMAPICache.m */,
				41286EB921ABAD240093B50F /* MDMAPIMemoryCache.h */,
				41286EBA21ABAD240093B50F /* MDMAPIMemoryCache.m */,
				41286EBC21ABAD770093B50F /* MDMAPIDiskCache.h */,
				41286EBD21ABAD770093B50F /* MDMAPIDiskCache.m */,
				41286EBF21ABADC60093B50F /* MDMAPICacheObject.h */,
				41286EC021ABADC60093B50F /* MDMAPICacheObject.m */,
			);
			path = MDMAPICache;
			sourceTree = "<group>";
		};
		41CB94B821A98F1800507923 = {
			isa = PBXGroup;
			children = (
				41286EAC21ABABA30093B50F /* MDMAPIManager */,
				41CB94C321A98F1800507923 /* Example */,
				41CB94C221A98F1800507923 /* Products */,
				B53185D4FC9ED0A09F76BD96 /* Pods */,
				4CFD7D99EEA7A9A4CBFF5E5B /* Frameworks */,
			);
			sourceTree = "<group>";
		};
		41CB94C221A98F1800507923 /* Products */ = {
			isa = PBXGroup;
			children = (
				41CB94C121A98F1800507923 /* MDMAPIManager.app */,
			);
			name = Products;
			sourceTree = "<group>";
		};
		41CB94C321A98F1800507923 /* Example */ = {
			isa = PBXGroup;
			children = (
				41CB94C421A98F1800507923 /* AppDelegate.h */,
				41CB94C521A98F1800507923 /* AppDelegate.m */,
				41CB94C721A98F1800507923 /* ViewController.h */,
				41CB94C821A98F1800507923 /* ViewController.m */,
				41CB94CA21A98F1800507923 /* Main.storyboard */,
				41CB94CD21A98F1900507923 /* Assets.xcassets */,
				41CB94CF21A98F1900507923 /* LaunchScreen.storyboard */,
				41CB94D221A98F1900507923 /* Info.plist */,
				41CB94D321A98F1900507923 /* main.m */,
			);
			path = Example;
			sourceTree = "<group>";
		};
		4CFD7D99EEA7A9A4CBFF5E5B /* Frameworks */ = {
			isa = PBXGroup;
			children = (
				2642EF58A42706D8BF653A4D /* libPods-MDMAPIManager.a */,
			);
			name = Frameworks;
			sourceTree = "<group>";
		};
		B53185D4FC9ED0A09F76BD96 /* Pods */ = {
			isa = PBXGroup;
			children = (
				E4F9C828E47DE752B34CDF43 /* Pods-MDMAPIManager.debug.xcconfig */,
				9458E6C6918E1AA90D82917C /* Pods-MDMAPIManager.release.xcconfig */,
			);
			name = Pods;
			sourceTree = "<group>";
		};
/* End PBXGroup section */

/* Begin PBXNativeTarget section */
		41CB94C021A98F1800507923 /* MDMAPIManager */ = {
			isa = PBXNativeTarget;
			buildConfigurationList = 41CB94D721A98F1900507923 /* Build configuration list for PBXNativeTarget "MDMAPIManager" */;
			buildPhases = (
				ADF11D26BD739D18F034D27A /* [CP] Check Pods Manifest.lock */,
				41CB94BD21A98F1800507923 /* Sources */,
				41CB94BE21A98F1800507923 /* Frameworks */,
				41CB94BF21A98F1800507923 /* Resources */,
			);
			buildRules = (
			);
			dependencies = (
			);
			name = MDMAPIManager;
			productName = MDMAPIManager;
			productReference = 41CB94C121A98F1800507923 /* MDMAPIManager.app */;
			productType = "com.apple.product-type.application";
		};
/* End PBXNativeTarget section */

/* Begin PBXProject section */
		41CB94B921A98F1800507923 /* Project object */ = {
			isa = PBXProject;
			attributes = {
				LastUpgradeCheck = 1010;
				ORGANIZATIONNAME = mademao;
				TargetAttributes = {
					41CB94C021A98F1800507923 = {
						CreatedOnToolsVersion = 10.1;
					};
				};
			};
			buildConfigurationList = 41CB94BC21A98F1800507923 /* Build configuration list for PBXProject "MDMAPIManager" */;
			compatibilityVersion = "Xcode 9.3";
			developmentRegion = en;
			hasScannedForEncodings = 0;
			knownRegions = (
				en,
				Base,
			);
			mainGroup = 41CB94B821A98F1800507923;
			productRefGroup = 41CB94C221A98F1800507923 /* Products */;
			projectDirPath = "";
			projectRoot = "";
			targets = (
				41CB94C021A98F1800507923 /* MDMAPIManager */,
			);
		};
/* End PBXProject section */

/* Begin PBXResourcesBuildPhase section */
		41CB94BF21A98F1800507923 /* Resources */ = {
			isa = PBXResourcesBuildPhase;
			buildActionMask = 2147483647;
			files = (
				41CB94D121A98F1900507923 /* LaunchScreen.storyboard in Resources */,
				41CB94CE21A98F1900507923 /* Assets.xcassets in Resources */,
				41CB94CC21A98F1800507923 /* Main.storyboard in Resources */,
			);
			runOnlyForDeploymentPostprocessing = 0;
		};
/* End PBXResourcesBuildPhase section */

/* Begin PBXShellScriptBuildPhase section */
		ADF11D26BD739D18F034D27A /* [CP] Check Pods Manifest.lock */ = {
			isa = PBXShellScriptBuildPhase;
			buildActionMask = 2147483647;
			files = (
			);
			inputPaths = (
				"${PODS_PODFILE_DIR_PATH}/Podfile.lock",
				"${PODS_ROOT}/Manifest.lock",
			);
			name = "[CP] Check Pods Manifest.lock";
			outputPaths = (
				"$(DERIVED_FILE_DIR)/Pods-MDMAPIManager-checkManifestLockResult.txt",
			);
			runOnlyForDeploymentPostprocessing = 0;
			shellPath = /bin/sh;
			shellScript = "diff \"${PODS_PODFILE_DIR_PATH}/Podfile.lock\" \"${PODS_ROOT}/Manifest.lock\" > /dev/null\nif [ $? != 0 ] ; then\n    # print error to STDERR\n    echo \"error: The sandbox is not in sync with the Podfile.lock. Run 'pod install' or update your CocoaPods installation.\" >&2\n    exit 1\nfi\n# This output is used by Xcode 'outputs' to avoid re-running this script phase.\necho \"SUCCESS\" > \"${SCRIPT_OUTPUT_FILE_0}\"\n";
			showEnvVarsInLog = 0;
		};
/* End PBXShellScriptBuildPhase section */

/* Begin PBXSourcesBuildPhase section */
		41CB94BD21A98F1800507923 /* Sources */ = {
			isa = PBXSourcesBuildPhase;
			buildActionMask = 2147483647;
			files = (
				41286EBB21ABAD240093B50F /* MDMAPIMemoryCache.m in Sources */,
				419C5B2521AC19A1001ED293 /* MDMAPIFormData.m in Sources */,
				4163404F21AC1A53006A4144 /* MDMAPIFormDataNormalItem.m in Sources */,
				41286EB821ABACF10093B50F /* MDMAPICache.m in Sources */,
				41CF2B9F21B1592300F5635D /* MDMAPIResponsePluginManager.m in Sources */,
				41CB94C921A98F1800507923 /* ViewController.m in Sources */,
				41CF2BA921B15AB800F5635D /* MDMAPIPluginModel.m in Sources */,
				41CF2B9B21B1577E00F5635D /* MDMAPIRequestManager.m in Sources */,
				41CF2BA621B15A6500F5635D /* MDMAPIPluginHandle.m in Sources */,
				4163405521AC1AE4006A4144 /* MDMAPIRequestGenerator.m in Sources */,
				41CF2BA321B15A1D00F5635D /* MDMAPIRequestPluginManager.m in Sources */,
				41286EBE21ABAD770093B50F /* MDMAPIDiskCache.m in Sources */,
				4163405221AC1A86006A4144 /* MDMAPIFormDataFileItem.m in Sources */,
				41286EC121ABADC60093B50F /* MDMAPICacheObject.m in Sources */,
				41CB94D421A98F1900507923 /* main.m in Sources */,
				41CB94C621A98F1800507923 /* AppDelegate.m in Sources */,
				41CF2BAE21B15B5000F5635D /* MDMAPIBaseManager.m in Sources */,
			);
			runOnlyForDeploymentPostprocessing = 0;
		};
/* End PBXSourcesBuildPhase section */

/* Begin PBXVariantGroup section */
		41CB94CA21A98F1800507923 /* Main.storyboard */ = {
			isa = PBXVariantGroup;
			children = (
				41CB94CB21A98F1800507923 /* Base */,
			);
			name = Main.storyboard;
			sourceTree = "<group>";
		};
		41CB94CF21A98F1900507923 /* LaunchScreen.storyboard */ = {
			isa = PBXVariantGroup;
			children = (
				41CB94D021A98F1900507923 /* Base */,
			);
			name = LaunchScreen.storyboard;
			sourceTree = "<group>";
		};
/* End PBXVariantGroup section */

/* Begin XCBuildConfiguration section */
		41CB94D521A98F1900507923 /* Debug */ = {
			isa = XCBuildConfiguration;
			buildSettings = {
				ALWAYS_SEARCH_USER_PATHS = NO;
				CLANG_ANALYZER_NONNULL = YES;
				CLANG_ANALYZER_NUMBER_OBJECT_CONVERSION = YES_AGGRESSIVE;
				CLANG_CXX_LANGUAGE_STANDARD = "gnu++14";
				CLANG_CXX_LIBRARY = "libc++";
				CLANG_ENABLE_MODULES = YES;
				CLANG_ENABLE_OBJC_ARC = YES;
				CLANG_ENABLE_OBJC_WEAK = YES;
				CLANG_WARN_BLOCK_CAPTURE_AUTORELEASING = YES;
				CLANG_WARN_BOOL_CONVERSION = YES;
				CLANG_WARN_COMMA = YES;
				CLANG_WARN_CONSTANT_CONVERSION = YES;
				CLANG_WARN_DEPRECATED_OBJC_IMPLEMENTATIONS = YES;
				CLANG_WARN_DIRECT_OBJC_ISA_USAGE = YES_ERROR;
				CLANG_WARN_DOCUMENTATION_COMMENTS = YES;
				CLANG_WARN_EMPTY_BODY = YES;
				CLANG_WARN_ENUM_CONVERSION = YES;
				CLANG_WARN_INFINITE_RECURSION = YES;
				CLANG_WARN_INT_CONVERSION = YES;
				CLANG_WARN_NON_LITERAL_NULL_CONVERSION = YES;
				CLANG_WARN_OBJC_IMPLICIT_RETAIN_SELF = YES;
				CLANG_WARN_OBJC_LITERAL_CONVERSION = YES;
				CLANG_WARN_OBJC_ROOT_CLASS = YES_ERROR;
				CLANG_WARN_RANGE_LOOP_ANALYSIS = YES;
				CLANG_WARN_STRICT_PROTOTYPES = YES;
				CLANG_WARN_SUSPICIOUS_MOVE = YES;
				CLANG_WARN_UNGUARDED_AVAILABILITY = YES_AGGRESSIVE;
				CLANG_WARN_UNREACHABLE_CODE = YES;
				CLANG_WARN__DUPLICATE_METHOD_MATCH = YES;
				CODE_SIGN_IDENTITY = "iPhone Developer";
				COPY_PHASE_STRIP = NO;
				DEBUG_INFORMATION_FORMAT = dwarf;
				ENABLE_STRICT_OBJC_MSGSEND = YES;
				ENABLE_TESTABILITY = YES;
				GCC_C_LANGUAGE_STANDARD = gnu11;
				GCC_DYNAMIC_NO_PIC = NO;
				GCC_NO_COMMON_BLOCKS = YES;
				GCC_OPTIMIZATION_LEVEL = 0;
				GCC_PREPROCESSOR_DEFINITIONS = (
					"DEBUG=1",
					"$(inherited)",
				);
				GCC_WARN_64_TO_32_BIT_CONVERSION = YES;
				GCC_WARN_ABOUT_RETURN_TYPE = YES_ERROR;
				GCC_WARN_UNDECLARED_SELECTOR = YES;
				GCC_WARN_UNINITIALIZED_AUTOS = YES_AGGRESSIVE;
				GCC_WARN_UNUSED_FUNCTION = YES;
				GCC_WARN_UNUSED_VARIABLE = YES;
				IPHONEOS_DEPLOYMENT_TARGET = 12.1;
				MTL_ENABLE_DEBUG_INFO = INCLUDE_SOURCE;
				MTL_FAST_MATH = YES;
				ONLY_ACTIVE_ARCH = YES;
				SDKROOT = iphoneos;
			};
			name = Debug;
		};
		41CB94D621A98F1900507923 /* Release */ = {
			isa = XCBuildConfiguration;
			buildSettings = {
				ALWAYS_SEARCH_USER_PATHS = NO;
				CLANG_ANALYZER_NONNULL = YES;
				CLANG_ANALYZER_NUMBER_OBJECT_CONVERSION = YES_AGGRESSIVE;
				CLANG_CXX_LANGUAGE_STANDARD = "gnu++14";
				CLANG_CXX_LIBRARY = "libc++";
				CLANG_ENABLE_MODULES = YES;
				CLANG_ENABLE_OBJC_ARC = YES;
				CLANG_ENABLE_OBJC_WEAK = YES;
				CLANG_WARN_BLOCK_CAPTURE_AUTORELEASING = YES;
				CLANG_WARN_BOOL_CONVERSION = YES;
				CLANG_WARN_COMMA = YES;
				CLANG_WARN_CONSTANT_CONVERSION = YES;
				CLANG_WARN_DEPRECATED_OBJC_IMPLEMENTATIONS = YES;
				CLANG_WARN_DIRECT_OBJC_ISA_USAGE = YES_ERROR;
				CLANG_WARN_DOCUMENTATION_COMMENTS = YES;
				CLANG_WARN_EMPTY_BODY = YES;
				CLANG_WARN_ENUM_CONVERSION = YES;
				CLANG_WARN_INFINITE_RECURSION = YES;
				CLANG_WARN_INT_CONVERSION = YES;
				CLANG_WARN_NON_LITERAL_NULL_CONVERSION = YES;
				CLANG_WARN_OBJC_IMPLICIT_RETAIN_SELF = YES;
				CLANG_WARN_OBJC_LITERAL_CONVERSION = YES;
				CLANG_WARN_OBJC_ROOT_CLASS = YES_ERROR;
				CLANG_WARN_RANGE_LOOP_ANALYSIS = YES;
				CLANG_WARN_STRICT_PROTOTYPES = YES;
				CLANG_WARN_SUSPICIOUS_MOVE = YES;
				CLANG_WARN_UNGUARDED_AVAILABILITY = YES_AGGRESSIVE;
				CLANG_WARN_UNREACHABLE_CODE = YES;
				CLANG_WARN__DUPLICATE_METHOD_MATCH = YES;
				CODE_SIGN_IDENTITY = "iPhone Developer";
				COPY_PHASE_STRIP = NO;
				DEBUG_INFORMATION_FORMAT = "dwarf-with-dsym";
				ENABLE_NS_ASSERTIONS = NO;
				ENABLE_STRICT_OBJC_MSGSEND = YES;
				GCC_C_LANGUAGE_STANDARD = gnu11;
				GCC_NO_COMMON_BLOCKS = YES;
				GCC_WARN_64_TO_32_BIT_CONVERSION = YES;
				GCC_WARN_ABOUT_RETURN_TYPE = YES_ERROR;
				GCC_WARN_UNDECLARED_SELECTOR = YES;
				GCC_WARN_UNINITIALIZED_AUTOS = YES_AGGRESSIVE;
				GCC_WARN_UNUSED_FUNCTION = YES;
				GCC_WARN_UNUSED_VARIABLE = YES;
				IPHONEOS_DEPLOYMENT_TARGET = 12.1;
				MTL_ENABLE_DEBUG_INFO = NO;
				MTL_FAST_MATH = YES;
				SDKROOT = iphoneos;
				VALIDATE_PRODUCT = YES;
			};
			name = Release;
		};
		41CB94D821A98F1900507923 /* Debug */ = {
			isa = XCBuildConfiguration;
			baseConfigurationReference = E4F9C828E47DE752B34CDF43 /* Pods-MDMAPIManager.debug.xcconfig */;
			buildSettings = {
				ASSETCATALOG_COMPILER_APPICON_NAME = AppIcon;
				CODE_SIGN_STYLE = Automatic;
				INFOPLIST_FILE = "$(SRCROOT)/Example/Info.plist";
				IPHONEOS_DEPLOYMENT_TARGET = 8.0;
				LD_RUNPATH_SEARCH_PATHS = (
					"$(inherited)",
					"@executable_path/Frameworks",
				);
				PRODUCT_BUNDLE_IDENTIFIER = com.mademao.MDMAPIManager;
				PRODUCT_NAME = "$(TARGET_NAME)";
				TARGETED_DEVICE_FAMILY = "1,2";
			};
			name = Debug;
		};
		41CB94D921A98F1900507923 /* Release */ = {
			isa = XCBuildConfiguration;
			baseConfigurationReference = 9458E6C6918E1AA90D82917C /* Pods-MDMAPIManager.release.xcconfig */;
			buildSettings = {
				ASSETCATALOG_COMPILER_APPICON_NAME = AppIcon;
				CODE_SIGN_STYLE = Automatic;
				INFOPLIST_FILE = "$(SRCROOT)/Example/Info.plist";
				IPHONEOS_DEPLOYMENT_TARGET = 8.0;
				LD_RUNPATH_SEARCH_PATHS = (
					"$(inherited)",
					"@executable_path/Frameworks",
				);
				PRODUCT_BUNDLE_IDENTIFIER = com.mademao.MDMAPIManager;
				PRODUCT_NAME = "$(TARGET_NAME)";
				TARGETED_DEVICE_FAMILY = "1,2";
			};
			name = Release;
		};
/* End XCBuildConfiguration section */

/* Begin XCConfigurationList section */
		41CB94BC21A98F1800507923 /* Build configuration list for PBXProject "MDMAPIManager" */ = {
			isa = XCConfigurationList;
			buildConfigurations = (
				41CB94D521A98F1900507923 /* Debug */,
				41CB94D621A98F1900507923 /* Release */,
			);
			defaultConfigurationIsVisible = 0;
			defaultConfigurationName = Release;
		};
		41CB94D721A98F1900507923 /* Build configuration list for PBXNativeTarget "MDMAPIManager" */ = {
			isa = XCConfigurationList;
			buildConfigurations = (
				41CB94D821A98F1900507923 /* Debug */,
				41CB94D921A98F1900507923 /* Release */,
			);
			defaultConfigurationIsVisible = 0;
			defaultConfigurationName = Release;
		};
/* End XCConfigurationList section */
	};
	rootObject = 41CB94B921A98F1800507923 /* Project object */;
}
