// !$*UTF8*$!
{
	archiveVersion = 1;
	classes = {
	};
	objectVersion = 50;
	objects = {

/* Begin PBXBuildFile section */
		41286EB821ABACF10093B50F /* MDMAPICache.m in Sources */ = {isa = PBXBuildFile; fileRef = 41286EB721ABACF10093B50F /* MDMAPICache.m */; };
		41286EBB21ABAD240093B50F /* MDMAPIMemoryCache.m in Sources */ = {isa = PBXBuildFile; fileRef = 41286EBA21ABAD240093B50F /* MDMAPIMemoryCache.m */; };
		41286EBE21ABAD770093B50F /* MDMAPIDiskCache.m in Sources */ = {isa = PBXBuildFile; fileRef = 41286EBD21ABAD770093B50F /* MDMAPIDiskCache.m */; };
		41286EC121ABADC60093B50F /* MDMAPICacheObject.m in Sources */ = {isa = PBXBuildFile; fileRef = 41286EC021ABADC60093B50F /* MDMAPICacheObject.m */; };
		41CB94C621A98F1800507923 /* AppDelegate.m in Sources */ = {isa = PBXBuildFile; fileRef = 41CB94C521A98F1800507923 /* AppDelegate.m */; };
		41CB94C921A98F1800507923 /* ViewController.m in Sources */ = {isa = PBXBuildFile; fileRef = 41CB94C821A98F1800507923 /* ViewController.m */; };
		41CB94CC21A98F1800507923 /* Main.storyboard in Resources */ = {isa = PBXBuildFile; fileRef = 41CB94CA21A98F1800507923 /* Main.storyboard */; };
		41CB94CE21A98F1900507923 /* Assets.xcassets in Resources */ = {isa = PBXBuildFile; fileRef = 41CB94CD21A98F1900507923 /* Assets.xcassets */; };
		41CB94D121A98F1900507923 /* LaunchScreen.storyboard in Resources */ = {isa = PBXBuildFile; fileRef = 41CB94CF21A98F1900507923 /* LaunchScreen.storyboard */; };
		41CB94D421A98F1900507923 /* main.m in Sources */ = {isa = PBXBuildFile; fileRef = 41CB94D321A98F1900507923 /* main.m */; };
/* End PBXBuildFile section */

/* Begin PBXFileReference section */
		41286EAD21ABABC80093B50F /* MDMAPIManagerDefines.h */ = {isa = PBXFileReference; lastKnownFileType = sourcecode.c.h; path = MDMAPIManagerDefines.h; sourceTree = "<group>"; };
		41286EB621ABACF10093B50F /* MDMAPICache.h */ = {isa = PBXFileReference; lastKnownFileType = sourcecode.c.h; path = MDMAPICache.h; sourceTree = "<group>"; };
		41286EB721ABACF10093B50F /* MDMAPICache.m */ = {isa = PBXFileReference; lastKnownFileType = sourcecode.c.objc; path = MDMAPICache.m; sourceTree = "<group>"; };
		41286EB921ABAD240093B50F /* MDMAPIMemoryCache.h */ = {isa = PBXFileReference; lastKnownFileType = sourcecode.c.h; path = MDMAPIMemoryCache.h; sourceTree = "<group>"; };
		41286EBA21ABAD240093B50F /* MDMAPIMemoryCache.m */ = {isa = PBXFileReference; lastKnownFileType = sourcecode.c.objc; path = MDMAPIMemoryCache.m; sourceTree = "<group>"; };
		41286EBC21ABAD770093B50F /* MDMAPIDiskCache.h */ = {isa = PBXFileReference; lastKnownFileType = sourcecode.c.h; path = MDMAPIDiskCache.h; sourceTree = "<group>"; };
		41286EBD21ABAD770093B50F /* MDMAPIDiskCache.m */ = {isa = PBXFileReference; lastKnownFileType = sourcecode.c.objc; path = MDMAPIDiskCache.m; sourceTree = "<group>"; };
		41286EBF21ABADC60093B50F /* MDMAPICacheObject.h */ = {isa = PBXFileReference; lastKnownFileType = sourcecode.c.h; path = MDMAPICacheObject.h; sourceTree = "<group>"; };
		41286EC021ABADC60093B50F /* MDMAPICacheObject.m */ = {isa = PBXFileReference; lastKnownFileType = sourcecode.c.objc; path = MDMAPICacheObject.m; sourceTree = "<group>"; };
		41CB94C121A98F1800507923 /* MDMAPIManager.app */ = {isa = PBXFileReference; explicitFileType = wrapper.application; includeInIndex = 0; path = MDMAPIManager.app; sourceTree = BUILT_PRODUCTS_DIR; };
		41CB94C421A98F1800507923 /* AppDelegate.h */ = {isa = PBXFileReference; lastKnownFileType = sourcecode.c.h; path = AppDelegate.h; sourceTree = "<group>"; };
		41CB94C521A98F1800507923 /* AppDelegate.m */ = {isa = PBXFileReference; lastKnownFileType = sourcecode.c.objc; path = AppDelegate.m; sourceTree = "<group>"; };
		41CB94C721A98F1800507923 /* ViewController.h */ = {isa = PBXFileReference; lastKnownFileType = sourcecode.c.h; path = ViewController.h; sourceTree = "<group>"; };
		41CB94C821A98F1800507923 /* ViewController.m */ = {isa = PBXFileReference; lastKnownFileType = sourcecode.c.objc; path = ViewController.m; sourceTree = "<group>"; };
		41CB94CB21A98F1800507923 /* Base */ = {isa = PBXFileReference; lastKnownFileType = file.storyboard; name = Base; path = Base.lproj/Main.storyboard; sourceTree = "<group>"; };
		41CB94CD21A98F1900507923 /* Assets.xcassets */ = {isa = PBXFileReference; lastKnownFileType = folder.assetcatalog; path = Assets.xcassets; sourceTree = "<group>"; };
		41CB94D021A98F1900507923 /* Base */ = {isa = PBXFileReference; lastKnownFileType = file.storyboard; name = Base; path = Base.lproj/LaunchScreen.storyboard; sourceTree = "<group>"; };
		41CB94D221A98F1900507923 /* Info.plist */ = {isa = PBXFileReference; lastKnownFileType = text.plist.xml; path = Info.plist; sourceTree = "<group>"; };
		41CB94D321A98F1900507923 /* main.m */ = {isa = PBXFileReference; lastKnownFileType = sourcecode.c.objc; path = main.m; sourceTree = "<group>"; };
/* End PBXFileReference section */

/* Begin PBXFrameworksBuildPhase section */
		41CB94BE21A98F1800507923 /* Frameworks */ = {
			isa = PBXFrameworksBuildPhase;
			buildActionMask = 2147483647;
			files = (
			);
			runOnlyForDeploymentPostprocessing = 0;
		};
/* End PBXFrameworksBuildPhase section */

/* Begin PBXGroup section */
		41286EAC21ABABA30093B50F /* MDMAPIManager */ = {
			isa = PBXGroup;
			children = (
				41286EAD21ABABC80093B50F /* MDMAPIManagerDefines.h */,
				41286EAE21ABAC070093B50F /* MDMAPIBaseManager */,
				41286EAF21ABAC1D0093B50F /* MDMAPIPluginHandle */,
				41286EB021ABAC2A0093B50F /* MDMAPIRequestPlugin */,
				41286EB121ABAC550093B50F /* MDMAPIResponsePlugin */,
				41286EB221ABAC660093B50F /* MDMAPIRequestManager */,
				41286EB321ABAC790093B50F /* MDMAPIRequestGenerator */,
				41286EB421ABAC880093B50F /* MDMAPIFormData */,
				41286EB521ABAC9D0093B50F /* MDMAPICache */,
			);
			path = MDMAPIManager;
			sourceTree = "<group>";
		};
		41286EAE21ABAC070093B50F /* MDMAPIBaseManager */ = {
			isa = PBXGroup;
			children = (
			);
			path = MDMAPIBaseManager;
			sourceTree = "<group>";
		};
		41286EAF21ABAC1D0093B50F /* MDMAPIPluginHandle */ = {
			isa = PBXGroup;
			children = (
			);
			path = MDMAPIPluginHandle;
			sourceTree = "<group>";
		};
		41286EB021ABAC2A0093B50F /* MDMAPIRequestPlugin */ = {
			isa = PBXGroup;
			children = (
			);
			path = MDMAPIRequestPlugin;
			sourceTree = "<group>";
		};
		41286EB121ABAC550093B50F /* MDMAPIResponsePlugin */ = {
			isa = PBXGroup;
			children = (
			);
			path = MDMAPIResponsePlugin;
			sourceTree = "<group>";
		};
		41286EB221ABAC660093B50F /* MDMAPIRequestManager */ = {
			isa = PBXGroup;
			children = (
			);
			path = MDMAPIRequestManager;
			sourceTree = "<group>";
		};
		41286EB321ABAC790093B50F /* MDMAPIRequestGenerator */ = {
			isa = PBXGroup;
			children = (
			);
			path = MDMAPIRequestGenerator;
			sourceTree = "<group>";
		};
		41286EB421ABAC880093B50F /* MDMAPIFormData */ = {
			isa = PBXGroup;
			children = (
			);
			path = MDMAPIFormData;
			sourceTree = "<group>";
		};
		41286EB521ABAC9D0093B50F /* MDMAPICache */ = {
			isa = PBXGroup;
			children = (
				41286EB621ABACF10093B50F /* MDMAPICache.h */,
				41286EB721ABACF10093B50F /* MDMAPICache.m */,
				41286EB921ABAD240093B50F /* MDMAPIMemoryCache.h */,
				41286EBA21ABAD240093B50F /* MDMAPIMemoryCache.m */,
				41286EBC21ABAD770093B50F /* MDMAPIDiskCache.h */,
				41286EBD21ABAD770093B50F /* MDMAPIDiskCache.m */,
				41286EBF21ABADC60093B50F /* MDMAPICacheObject.h */,
				41286EC021ABADC60093B50F /* MDMAPICacheObject.m */,
			);
			path = MDMAPICache;
			sourceTree = "<group>";
		};
		41CB94B821A98F1800507923 = {
			isa = PBXGroup;
			children = (
				41286EAC21ABABA30093B50F /* MDMAPIManager */,
				41CB94C321A98F1800507923 /* Example */,
				41CB94C221A98F1800507923 /* Products */,
			);
			sourceTree = "<group>";
		};
		41CB94C221A98F1800507923 /* Products */ = {
			isa = PBXGroup;
			children = (
				41CB94C121A98F1800507923 /* MDMAPIManager.app */,
			);
			name = Products;
			sourceTree = "<group>";
		};
		41CB94C321A98F1800507923 /* Example */ = {
			isa = PBXGroup;
			children = (
				41CB94C421A98F1800507923 /* AppDelegate.h */,
				41CB94C521A98F1800507923 /* AppDelegate.m */,
				41CB94C721A98F1800507923 /* ViewController.h */,
				41CB94C821A98F1800507923 /* ViewController.m */,
				41CB94CA21A98F1800507923 /* Main.storyboard */,
				41CB94CD21A98F1900507923 /* Assets.xcassets */,
				41CB94CF21A98F1900507923 /* LaunchScreen.storyboard */,
				41CB94D221A98F1900507923 /* Info.plist */,
				41CB94D321A98F1900507923 /* main.m */,
			);
			path = Example;
			sourceTree = "<group>";
		};
/* End PBXGroup section */

/* Begin PBXNativeTarget section */
		41CB94C021A98F1800507923 /* MDMAPIManager */ = {
			isa = PBXNativeTarget;
			buildConfigurationList = 41CB94D721A98F1900507923 /* Build configuration list for PBXNativeTarget "MDMAPIManager" */;
			buildPhases = (
				41CB94BD21A98F1800507923 /* Sources */,
				41CB94BE21A98F1800507923 /* Frameworks */,
				41CB94BF21A98F1800507923 /* Resources */,
			);
			buildRules = (
			);
			dependencies = (
			);
			name = MDMAPIManager;
			productName = MDMAPIManager;
			productReference = 41CB94C121A98F1800507923 /* MDMAPIManager.app */;
			productType = "com.apple.product-type.application";
		};
/* End PBXNativeTarget section */

/* Begin PBXProject section */
		41CB94B921A98F1800507923 /* Project object */ = {
			isa = PBXProject;
			attributes = {
				LastUpgradeCheck = 1010;
				ORGANIZATIONNAME = mademao;
				TargetAttributes = {
					41CB94C021A98F1800507923 = {
						CreatedOnToolsVersion = 10.1;
					};
				};
			};
			buildConfigurationList = 41CB94BC21A98F1800507923 /* Build configuration list for PBXProject "MDMAPIManager" */;
			compatibilityVersion = "Xcode 9.3";
			developmentRegion = en;
			hasScannedForEncodings = 0;
			knownRegions = (
				en,
				Base,
			);
			mainGroup = 41CB94B821A98F1800507923;
			productRefGroup = 41CB94C221A98F1800507923 /* Products */;
			projectDirPath = "";
			projectRoot = "";
			targets = (
				41CB94C021A98F1800507923 /* MDMAPIManager */,
			);
		};
/* End PBXProject section */

/* Begin PBXResourcesBuildPhase section */
		41CB94BF21A98F1800507923 /* Resources */ = {
			isa = PBXResourcesBuildPhase;
			buildActionMask = 2147483647;
			files = (
				41CB94D121A98F1900507923 /* LaunchScreen.storyboard in Resources */,
				41CB94CE21A98F1900507923 /* Assets.xcassets in Resources */,
				41CB94CC21A98F1800507923 /* Main.storyboard in Resources */,
			);
			runOnlyForDeploymentPostprocessing = 0;
		};
/* End PBXResourcesBuildPhase section */

/* Begin PBXSourcesBuildPhase section */
		41CB94BD21A98F1800507923 /* Sources */ = {
			isa = PBXSourcesBuildPhase;
			buildActionMask = 2147483647;
			files = (
				41286EBB21ABAD240093B50F /* MDMAPIMemoryCache.m in Sources */,
				41286EB821ABACF10093B50F /* MDMAPICache.m in Sources */,
				41CB94C921A98F1800507923 /* ViewController.m in Sources */,
				41286EBE21ABAD770093B50F /* MDMAPIDiskCache.m in Sources */,
				41286EC121ABADC60093B50F /* MDMAPICacheObject.m in Sources */,
				41CB94D421A98F1900507923 /* main.m in Sources */,
				41CB94C621A98F1800507923 /* AppDelegate.m in Sources */,
			);
			runOnlyForDeploymentPostprocessing = 0;
		};
/* End PBXSourcesBuildPhase section */

/* Begin PBXVariantGroup section */
		41CB94CA21A98F1800507923 /* Main.storyboard */ = {
			isa = PBXVariantGroup;
			children = (
				41CB94CB21A98F1800507923 /* Base */,
			);
			name = Main.storyboard;
			sourceTree = "<group>";
		};
		41CB94CF21A98F1900507923 /* LaunchScreen.storyboard */ = {
			isa = PBXVariantGroup;
			children = (
				41CB94D021A98F1900507923 /* Base */,
			);
			name = LaunchScreen.storyboard;
			sourceTree = "<group>";
		};
/* End PBXVariantGroup section */

/* Begin XCBuildConfiguration section */
		41CB94D521A98F1900507923 /* Debug */ = {
			isa = XCBuildConfiguration;
			buildSettings = {
				ALWAYS_SEARCH_USER_PATHS = NO;
				CLANG_ANALYZER_NONNULL = YES;
				CLANG_ANALYZER_NUMBER_OBJECT_CONVERSION = YES_AGGRESSIVE;
				CLANG_CXX_LANGUAGE_STANDARD = "gnu++14";
				CLANG_CXX_LIBRARY = "libc++";
				CLANG_ENABLE_MODULES = YES;
				CLANG_ENABLE_OBJC_ARC = YES;
				CLANG_ENABLE_OBJC_WEAK = YES;
				CLANG_WARN_BLOCK_CAPTURE_AUTORELEASING = YES;
				CLANG_WARN_BOOL_CONVERSION = YES;
				CLANG_WARN_COMMA = YES;
				CLANG_WARN_CONSTANT_CONVERSION = YES;
				CLANG_WARN_DEPRECATED_OBJC_IMPLEMENTATIONS = YES;
				CLANG_WARN_DIRECT_OBJC_ISA_USAGE = YES_ERROR;
				CLANG_WARN_DOCUMENTATION_COMMENTS = YES;
				CLANG_WARN_EMPTY_BODY = YES;
				CLANG_WARN_ENUM_CONVERSION = YES;
				CLANG_WARN_INFINITE_RECURSION = YES;
				CLANG_WARN_INT_CONVERSION = YES;
				CLANG_WARN_NON_LITERAL_NULL_CONVERSION = YES;
				CLANG_WARN_OBJC_IMPLICIT_RETAIN_SELF = YES;
				CLANG_WARN_OBJC_LITERAL_CONVERSION = YES;
				CLANG_WARN_OBJC_ROOT_CLASS = YES_ERROR;
				CLANG_WARN_RANGE_LOOP_ANALYSIS = YES;
				CLANG_WARN_STRICT_PROTOTYPES = YES;
				CLANG_WARN_SUSPICIOUS_MOVE = YES;
				CLANG_WARN_UNGUARDED_AVAILABILITY = YES_AGGRESSIVE;
				CLANG_WARN_UNREACHABLE_CODE = YES;
				CLANG_WARN__DUPLICATE_METHOD_MATCH = YES;
				CODE_SIGN_IDENTITY = "iPhone Developer";
				COPY_PHASE_STRIP = NO;
				DEBUG_INFORMATION_FORMAT = dwarf;
				ENABLE_STRICT_OBJC_MSGSEND = YES;
				ENABLE_TESTABILITY = YES;
				GCC_C_LANGUAGE_STANDARD = gnu11;
				GCC_DYNAMIC_NO_PIC = NO;
				GCC_NO_COMMON_BLOCKS = YES;
				GCC_OPTIMIZATION_LEVEL = 0;
				GCC_PREPROCESSOR_DEFINITIONS = (
					"DEBUG=1",
					"$(inherited)",
				);
				GCC_WARN_64_TO_32_BIT_CONVERSION = YES;
				GCC_WARN_ABOUT_RETURN_TYPE = YES_ERROR;
				GCC_WARN_UNDECLARED_SELECTOR = YES;
				GCC_WARN_UNINITIALIZED_AUTOS = YES_AGGRESSIVE;
				GCC_WARN_UNUSED_FUNCTION = YES;
				GCC_WARN_UNUSED_VARIABLE = YES;
				IPHONEOS_DEPLOYMENT_TARGET = 12.1;
				MTL_ENABLE_DEBUG_INFO = INCLUDE_SOURCE;
				MTL_FAST_MATH = YES;
				ONLY_ACTIVE_ARCH = YES;
				SDKROOT = iphoneos;
			};
			name = Debug;
		};
		41CB94D621A98F1900507923 /* Release */ = {
			isa = XCBuildConfiguration;
			buildSettings = {
				ALWAYS_SEARCH_USER_PATHS = NO;
				CLANG_ANALYZER_NONNULL = YES;
				CLANG_ANALYZER_NUMBER_OBJECT_CONVERSION = YES_AGGRESSIVE;
				CLANG_CXX_LANGUAGE_STANDARD = "gnu++14";
				CLANG_CXX_LIBRARY = "libc++";
				CLANG_ENABLE_MODULES = YES;
				CLANG_ENABLE_OBJC_ARC = YES;
				CLANG_ENABLE_OBJC_WEAK = YES;
				CLANG_WARN_BLOCK_CAPTURE_AUTORELEASING = YES;
				CLANG_WARN_BOOL_CONVERSION = YES;
				CLANG_WARN_COMMA = YES;
				CLANG_WARN_CONSTANT_CONVERSION = YES;
				CLANG_WARN_DEPRECATED_OBJC_IMPLEMENTATIONS = YES;
				CLANG_WARN_DIRECT_OBJC_ISA_USAGE = YES_ERROR;
				CLANG_WARN_DOCUMENTATION_COMMENTS = YES;
				CLANG_WARN_EMPTY_BODY = YES;
				CLANG_WARN_ENUM_CONVERSION = YES;
				CLANG_WARN_INFINITE_RECURSION = YES;
				CLANG_WARN_INT_CONVERSION = YES;
				CLANG_WARN_NON_LITERAL_NULL_CONVERSION = YES;
				CLANG_WARN_OBJC_IMPLICIT_RETAIN_SELF = YES;
				CLANG_WARN_OBJC_LITERAL_CONVERSION = YES;
				CLANG_WARN_OBJC_ROOT_CLASS = YES_ERROR;
				CLANG_WARN_RANGE_LOOP_ANALYSIS = YES;
				CLANG_WARN_STRICT_PROTOTYPES = YES;
				CLANG_WARN_SUSPICIOUS_MOVE = YES;
				CLANG_WARN_UNGUARDED_AVAILABILITY = YES_AGGRESSIVE;
				CLANG_WARN_UNREACHABLE_CODE = YES;
				CLANG_WARN__DUPLICATE_METHOD_MATCH = YES;
				CODE_SIGN_IDENTITY = "iPhone Developer";
				COPY_PHASE_STRIP = NO;
				DEBUG_INFORMATION_FORMAT = "dwarf-with-dsym";
				ENABLE_NS_ASSERTIONS = NO;
				ENABLE_STRICT_OBJC_MSGSEND = YES;
				GCC_C_LANGUAGE_STANDARD = gnu11;
				GCC_NO_COMMON_BLOCKS = YES;
				GCC_WARN_64_TO_32_BIT_CONVERSION = YES;
				GCC_WARN_ABOUT_RETURN_TYPE = YES_ERROR;
				GCC_WARN_UNDECLARED_SELECTOR = YES;
				GCC_WARN_UNINITIALIZED_AUTOS = YES_AGGRESSIVE;
				GCC_WARN_UNUSED_FUNCTION = YES;
				GCC_WARN_UNUSED_VARIABLE = YES;
				IPHONEOS_DEPLOYMENT_TARGET = 12.1;
				MTL_ENABLE_DEBUG_INFO = NO;
				MTL_FAST_MATH = YES;
				SDKROOT = iphoneos;
				VALIDATE_PRODUCT = YES;
			};
			name = Release;
		};
		41CB94D821A98F1900507923 /* Debug */ = {
			isa = XCBuildConfiguration;
			buildSettings = {
				ASSETCATALOG_COMPILER_APPICON_NAME = AppIcon;
				CODE_SIGN_STYLE = Automatic;
				INFOPLIST_FILE = "$(SRCROOT)/Example/Info.plist";
				IPHONEOS_DEPLOYMENT_TARGET = 8.0;
				LD_RUNPATH_SEARCH_PATHS = (
					"$(inherited)",
					"@executable_path/Frameworks",
				);
				PRODUCT_BUNDLE_IDENTIFIER = com.mademao.MDMAPIManager;
				PRODUCT_NAME = "$(TARGET_NAME)";
				TARGETED_DEVICE_FAMILY = "1,2";
			};
			name = Debug;
		};
		41CB94D921A98F1900507923 /* Release */ = {
			isa = XCBuildConfiguration;
			buildSettings = {
				ASSETCATALOG_COMPILER_APPICON_NAME = AppIcon;
				CODE_SIGN_STYLE = Automatic;
				INFOPLIST_FILE = "$(SRCROOT)/Example/Info.plist";
				IPHONEOS_DEPLOYMENT_TARGET = 8.0;
				LD_RUNPATH_SEARCH_PATHS = (
					"$(inherited)",
					"@executable_path/Frameworks",
				);
				PRODUCT_BUNDLE_IDENTIFIER = com.mademao.MDMAPIManager;
				PRODUCT_NAME = "$(TARGET_NAME)";
				TARGETED_DEVICE_FAMILY = "1,2";
			};
			name = Release;
		};
/* End XCBuildConfiguration section */

/* Begin XCConfigurationList section */
		41CB94BC21A98F1800507923 /* Build configuration list for PBXProject "MDMAPIManager" */ = {
			isa = XCConfigurationList;
			buildConfigurations = (
				41CB94D521A98F1900507923 /* Debug */,
				41CB94D621A98F1900507923 /* Release */,
			);
			defaultConfigurationIsVisible = 0;
			defaultConfigurationName = Release;
		};
		41CB94D721A98F1900507923 /* Build configuration list for PBXNativeTarget "MDMAPIManager" */ = {
			isa = XCConfigurationList;
			buildConfigurations = (
				41CB94D821A98F1900507923 /* Debug */,
				41CB94D921A98F1900507923 /* Release */,
			);
			defaultConfigurationIsVisible = 0;
			defaultConfigurationName = Release;
		};
/* End XCConfigurationList section */
	};
	rootObject = 41CB94B921A98F1800507923 /* Project object */;
}
